
Microsoft Visual Studio Solution File, Format Version 12.00
# Visual Studio Version 18
VisualStudioVersion = 18.5.11801.241 oobstable
MinimumVisualStudioVersion = 10.0.40219.1
Project("{FAE04EC0-301F-11D3-BF4B-00C04F79EFBC}") = "Tekmetric", "Tekmetric\Tekmetric.csproj", "{126A80CE-3104-A56E-AAD5-50C51BDA0557}"
EndProject
Global
	GlobalSection(SolutionConfigurationPlatforms) = preSolution
		Debug|Any CPU = Debug|Any CPU
		Release|Any CPU = Release|Any CPU
	EndGlobalSection
	GlobalSection(ProjectConfigurationPlatforms) = postSolution
		{126A80CE-3104-A56E-AAD5-50C51BDA0557}.Debug|Any CPU.ActiveCfg = Debug|Any CPU
		{126A80CE-3104-A56E-AAD5-50C51BDA0557}.Debug|Any CPU.Build.0 = Debug|Any CPU
		{126A80CE-3104-A56E-AAD5-50C51BDA0557}.Release|Any CPU.ActiveCfg = Release|Any CPU
		{126A80CE-3104-A56E-AAD5-50C51BDA0557}.Release|Any CPU.Build.0 = Release|Any CPU
	EndGlobalSection
	GlobalSection(SolutionProperties) = preSolution
		HideSolutionNode = FALSE
	EndGlobalSection
	GlobalSection(ExtensibilityGlobals) = postSolution
		SolutionGuid = {229E2D32-E7E2-47C9-99E5-F4D975CB9B4E}
	EndGlobalSection
EndGlobal
